
Microsoft Visual Studio Solution File, Format Version 12.00
# Visual Studio Version 17
VisualStudioVersion = 17.11.35431.28
MinimumVisualStudioVersion = 10.0.40219.1
Project("{FAE04EC0-301F-11D3-BF4B-00C04F79EFBC}") = "01_vs添加vp控件", "01_vs添加vp控件\01_vs添加vp控件.csproj", "{D37F9A57-4B9B-43DC-B32F-CA7654BDD5C3}"
EndProject
Project("{FAE04EC0-301F-11D3-BF4B-00C04F79EFBC}") = "02_加载qb和job", "02_加载qb和job\02_加载qb和job.csproj", "{69E28EE6-CCFD-4D99-BDCC-0A804A475543}"
EndProject
Project("{FAE04EC0-301F-11D3-BF4B-00C04F79EFBC}") = "03_拍照_保存图像_实时显示_关闭相机", "03_拍照_保存图像_实时显示_关闭相机\03_拍照_保存图像_实时显示_关闭相机.csproj", "{E423C00F-9641-42FA-9A74-ADACA8EA5638}"
EndProject
Global
	GlobalSection(SolutionConfigurationPlatforms) = preSolution
		Debug|Any CPU = Debug|Any CPU
		Release|Any CPU = Release|Any CPU
	EndGlobalSection
	GlobalSection(ProjectConfigurationPlatforms) = postSolution
		{D37F9A57-4B9B-43DC-B32F-CA7654BDD5C3}.Debug|Any CPU.ActiveCfg = Debug|Any CPU
		{D37F9A57-4B9B-43DC-B32F-CA7654BDD5C3}.Debug|Any CPU.Build.0 = Debug|Any CPU
		{D37F9A57-4B9B-43DC-B32F-CA7654BDD5C3}.Release|Any CPU.ActiveCfg = Release|Any CPU
		{D37F9A57-4B9B-43DC-B32F-CA7654BDD5C3}.Release|Any CPU.Build.0 = Release|Any CPU
		{69E28EE6-CCFD-4D99-BDCC-0A804A475543}.Debug|Any CPU.ActiveCfg = Debug|Any CPU
		{69E28EE6-CCFD-4D99-BDCC-0A804A475543}.Debug|Any CPU.Build.0 = Debug|Any CPU
		{69E28EE6-CCFD-4D99-BDCC-0A804A475543}.Release|Any CPU.ActiveCfg = Release|Any CPU
		{69E28EE6-CCFD-4D99-BDCC-0A804A475543}.Release|Any CPU.Build.0 = Release|Any CPU
		{E423C00F-9641-42FA-9A74-ADACA8EA5638}.Debug|Any CPU.ActiveCfg = Debug|Any CPU
		{E423C00F-9641-42FA-9A74-ADACA8EA5638}.Debug|Any CPU.Build.0 = Debug|Any CPU
		{E423C00F-9641-42FA-9A74-ADACA8EA5638}.Release|Any CPU.ActiveCfg = Release|Any CPU
		{E423C00F-9641-42FA-9A74-ADACA8EA5638}.Release|Any CPU.Build.0 = Release|Any CPU
	EndGlobalSection
	GlobalSection(SolutionProperties) = preSolution
		HideSolutionNode = FALSE
	EndGlobalSection
	GlobalSection(ExtensibilityGlobals) = postSolution
		SolutionGuid = {14F70BF8-4CE4-4E38-B0F9-8D93C0CC1042}
	EndGlobalSection
EndGlobal
